
Microsoft Visual Studio Solution File, Format Version 12.00
# Visual Studio Version 16
VisualStudioVersion = 16.0.30011.22
MinimumVisualStudioVersion = 10.0.40219.1
Project("{FAE04EC0-301F-11D3-BF4B-00C04F79EFBC}") = "GrpcClient", "GrpcClient.csproj", "{4954D5A1-52D7-4DB2-819E-0D61D160496F}"
EndProject
Global
	GlobalSection(SolutionConfigurationPlatforms) = preSolution
		Debug|Any CPU = Debug|Any CPU
		Release|Any CPU = Release|Any CPU
	EndGlobalSection
	GlobalSection(ProjectConfigurationPlatforms) = postSolution
		{4954D5A1-52D7-4DB2-819E-0D61D160496F}.Debug|Any CPU.ActiveCfg = Debug|Any CPU
		{4954D5A1-52D7-4DB2-819E-0D61D160496F}.Debug|Any CPU.Build.0 = Debug|Any CPU
		{4954D5A1-52D7-4DB2-819E-0D61D160496F}.Release|Any CPU.ActiveCfg = Release|Any CPU
		{4954D5A1-52D7-4DB2-819E-0D61D160496F}.Release|Any CPU.Build.0 = Release|Any CPU
	EndGlobalSection
	GlobalSection(SolutionProperties) = preSolution
		HideSolutionNode = FALSE
	EndGlobalSection
	GlobalSection(ExtensibilityGlobals) = postSolution
		SolutionGuid = {57E983E4-056B-45E0-AC97-5E55C149C88B}
	EndGlobalSection
EndGlobal
